
Microsoft Visual Studio Solution File, Format Version 12.00
# Visual Studio 15
VisualStudioVersion = 15.0.28010.2016
MinimumVisualStudioVersion = 10.0.40219.1
Project("{FAE04EC0-301F-11D3-BF4B-00C04F79EFBC}") = "LinqShow", "LinqShow\LinqShow.csproj", "{97CDD950-2489-488A-9C8B-A137B4D7F77D}"
EndProject
Global
	GlobalSection(SolutionConfigurationPlatforms) = preSolution
		Debug|Any CPU = Debug|Any CPU
		Release|Any CPU = Release|Any CPU
	EndGlobalSection
	GlobalSection(ProjectConfigurationPlatforms) = postSolution
		{97CDD950-2489-488A-9C8B-A137B4D7F77D}.Debug|Any CPU.ActiveCfg = Debug|Any CPU
		{97CDD950-2489-488A-9C8B-A137B4D7F77D}.Debug|Any CPU.Build.0 = Debug|Any CPU
		{97CDD950-2489-488A-9C8B-A137B4D7F77D}.Release|Any CPU.ActiveCfg = Release|Any CPU
		{97CDD950-2489-488A-9C8B-A137B4D7F77D}.Release|Any CPU.Build.0 = Release|Any CPU
	EndGlobalSection
	GlobalSection(SolutionProperties) = preSolution
		HideSolutionNode = FALSE
	EndGlobalSection
	GlobalSection(ExtensibilityGlobals) = postSolution
		SolutionGuid = {B758CD93-66F5-43E8-9D97-B9D73DE0FC57}
	EndGlobalSection
EndGlobal
